
Microsoft Visual Studio Solution File, Format Version 12.00
# Visual Studio Version 17
VisualStudioVersion = 17.0.31912.275
MinimumVisualStudioVersion = 10.0.40219.1
Project("{9A19103F-16F7-4668-BE54-9A1E7A4F7556}") = "Day0_Setup", "Day0_Setup\Day0_Setup.csproj", "{DE17AE22-0023-41FB-8D61-BCC3197F484D}"
EndProject
Project("{9A19103F-16F7-4668-BE54-9A1E7A4F7556}") = "SantasToolbox", "SantasToolbox\SantasToolbox.csproj", "{460D6357-486B-48A0-A952-A7015BFCB906}"
EndProject
Project("{9A19103F-16F7-4668-BE54-9A1E7A4F7556}") = "SantasToolBoxTests", "SantasToolBoxTests\SantasToolBoxTests.csproj", "{29B87691-90DB-41C8-9D19-4B8EE5D9741C}"
EndProject
Project("{9A19103F-16F7-4668-BE54-9A1E7A4F7556}") = "Day1_Depths", "Day1_Depths\Day1_Depths.csproj", "{EC84A2FB-F31E-4855-BDBD-8A11D52E0B64}"
EndProject
Project("{9A19103F-16F7-4668-BE54-9A1E7A4F7556}") = "Day2_Navigating", "Day2_Navigating\Day2_Navigating.csproj", "{8A294F81-0A99-47A9-8184-1F18E366BAE1}"
EndProject
Project("{9A19103F-16F7-4668-BE54-9A1E7A4F7556}") = "Day3_BinaryDiagnostics", "Day3_BinaryDiagnostics\Day3_BinaryDiagnostics.csproj", "{F24C7626-A848-4C3B-BF2A-32180DC876C0}"
EndProject
Project("{9A19103F-16F7-4668-BE54-9A1E7A4F7556}") = "Day4_Bingo", "Day4_Bingo\Day4_Bingo.csproj", "{4C06024C-ADEA-46F1-B9B2-181BDDEAA46A}"
EndProject
Global
	GlobalSection(SolutionConfigurationPlatforms) = preSolution
		Debug|Any CPU = Debug|Any CPU
		Release|Any CPU = Release|Any CPU
	EndGlobalSection
	GlobalSection(ProjectConfigurationPlatforms) = postSolution
		{DE17AE22-0023-41FB-8D61-BCC3197F484D}.Debug|Any CPU.ActiveCfg = Debug|Any CPU
		{DE17AE22-0023-41FB-8D61-BCC3197F484D}.Debug|Any CPU.Build.0 = Debug|Any CPU
		{DE17AE22-0023-41FB-8D61-BCC3197F484D}.Release|Any CPU.ActiveCfg = Release|Any CPU
		{DE17AE22-0023-41FB-8D61-BCC3197F484D}.Release|Any CPU.Build.0 = Release|Any CPU
		{460D6357-486B-48A0-A952-A7015BFCB906}.Debug|Any CPU.ActiveCfg = Debug|Any CPU
		{460D6357-486B-48A0-A952-A7015BFCB906}.Debug|Any CPU.Build.0 = Debug|Any CPU
		{460D6357-486B-48A0-A952-A7015BFCB906}.Release|Any CPU.ActiveCfg = Release|Any CPU
		{460D6357-486B-48A0-A952-A7015BFCB906}.Release|Any CPU.Build.0 = Release|Any CPU
		{29B87691-90DB-41C8-9D19-4B8EE5D9741C}.Debug|Any CPU.ActiveCfg = Debug|Any CPU
		{29B87691-90DB-41C8-9D19-4B8EE5D9741C}.Debug|Any CPU.Build.0 = Debug|Any CPU
		{29B87691-90DB-41C8-9D19-4B8EE5D9741C}.Release|Any CPU.ActiveCfg = Release|Any CPU
		{29B87691-90DB-41C8-9D19-4B8EE5D9741C}.Release|Any CPU.Build.0 = Release|Any CPU
		{EC84A2FB-F31E-4855-BDBD-8A11D52E0B64}.Debug|Any CPU.ActiveCfg = Debug|Any CPU
		{EC84A2FB-F31E-4855-BDBD-8A11D52E0B64}.Debug|Any CPU.Build.0 = Debug|Any CPU
		{EC84A2FB-F31E-4855-BDBD-8A11D52E0B64}.Release|Any CPU.ActiveCfg = Release|Any CPU
		{EC84A2FB-F31E-4855-BDBD-8A11D52E0B64}.Release|Any CPU.Build.0 = Release|Any CPU
		{8A294F81-0A99-47A9-8184-1F18E366BAE1}.Debug|Any CPU.ActiveCfg = Debug|Any CPU
		{8A294F81-0A99-47A9-8184-1F18E366BAE1}.Debug|Any CPU.Build.0 = Debug|Any CPU
		{8A294F81-0A99-47A9-8184-1F18E366BAE1}.Release|Any CPU.ActiveCfg = Release|Any CPU
		{8A294F81-0A99-47A9-8184-1F18E366BAE1}.Release|Any CPU.Build.0 = Release|Any CPU
		{F24C7626-A848-4C3B-BF2A-32180DC876C0}.Debug|Any CPU.ActiveCfg = Debug|Any CPU
		{F24C7626-A848-4C3B-BF2A-32180DC876C0}.Debug|Any CPU.Build.0 = Debug|Any CPU
		{F24C7626-A848-4C3B-BF2A-32180DC876C0}.Release|Any CPU.ActiveCfg = Release|Any CPU
		{F24C7626-A848-4C3B-BF2A-32180DC876C0}.Release|Any CPU.Build.0 = Release|Any CPU
		{4C06024C-ADEA-46F1-B9B2-181BDDEAA46A}.Debug|Any CPU.ActiveCfg = Debug|Any CPU
		{4C06024C-ADEA-46F1-B9B2-181BDDEAA46A}.Debug|Any CPU.Build.0 = Debug|Any CPU
		{4C06024C-ADEA-46F1-B9B2-181BDDEAA46A}.Release|Any CPU.ActiveCfg = Release|Any CPU
		{4C06024C-ADEA-46F1-B9B2-181BDDEAA46A}.Release|Any CPU.Build.0 = Release|Any CPU
	EndGlobalSection
	GlobalSection(SolutionProperties) = preSolution
		HideSolutionNode = FALSE
	EndGlobalSection
	GlobalSection(ExtensibilityGlobals) = postSolution
		SolutionGuid = {35EB43F3-B1F9-4A6B-B82C-3D9C5C45678E}
	EndGlobalSection
EndGlobal
