
Microsoft Visual Studio Solution File, Format Version 12.00
# Visual Studio Version 17
VisualStudioVersion = 17.0.31912.275
MinimumVisualStudioVersion = 10.0.40219.1
Project("{9A19103F-16F7-4668-BE54-9A1E7A4F7556}") = "Day0_Setup", "Day0_Setup\Day0_Setup.csproj", "{DE17AE22-0023-41FB-8D61-BCC3197F484D}"
EndProject
Project("{9A19103F-16F7-4668-BE54-9A1E7A4F7556}") = "SantasToolbox", "SantasToolbox\SantasToolbox.csproj", "{460D6357-486B-48A0-A952-A7015BFCB906}"
EndProject
Project("{9A19103F-16F7-4668-BE54-9A1E7A4F7556}") = "SantasToolBoxTests", "SantasToolBoxTests\SantasToolBoxTests.csproj", "{29B87691-90DB-41C8-9D19-4B8EE5D9741C}"
EndProject
Project("{9A19103F-16F7-4668-BE54-9A1E7A4F7556}") = "Day1_Depths", "Day1_Depths\Day1_Depths.csproj", "{EC84A2FB-F31E-4855-BDBD-8A11D52E0B64}"
EndProject
Project("{9A19103F-16F7-4668-BE54-9A1E7A4F7556}") = "Day2_Navigating", "Day2_Navigating\Day2_Navigating.csproj", "{8A294F81-0A99-47A9-8184-1F18E366BAE1}"
EndProject
Project("{9A19103F-16F7-4668-BE54-9A1E7A4F7556}") = "Day3_BinaryDiagnostics", "Day3_BinaryDiagnostics\Day3_BinaryDiagnostics.csproj", "{F24C7626-A848-4C3B-BF2A-32180DC876C0}"
EndProject
Project("{9A19103F-16F7-4668-BE54-9A1E7A4F7556}") = "Day4_Bingo", "Day4_Bingo\Day4_Bingo.csproj", "{4C06024C-ADEA-46F1-B9B2-181BDDEAA46A}"
EndProject
Project("{9A19103F-16F7-4668-BE54-9A1E7A4F7556}") = "Day5_VentMap", "Day5_VentMap\Day5_VentMap.csproj", "{2D987A6F-E39E-437C-8A4C-3763072B3495}"
EndProject
Project("{9A19103F-16F7-4668-BE54-9A1E7A4F7556}") = "Day_Template", "Day_Template\Day_Template.csproj", "{72632C82-FEFC-49E4-8950-8950B84CEEB7}"
EndProject
Project("{9A19103F-16F7-4668-BE54-9A1E7A4F7556}") = "Day6_FishGrowth", "Day6_FishGrowth\Day6_FishGrowth.csproj", "{70505B8F-B089-4423-9E60-3D5B45E9EA88}"
EndProject
Project("{9A19103F-16F7-4668-BE54-9A1E7A4F7556}") = "Day7_AligningCrabs", "Day7_AligningCrabs\Day7_AligningCrabs.csproj", "{A3B2516B-8ADC-4434-9A3D-FDB388C09839}"
EndProject
Project("{9A19103F-16F7-4668-BE54-9A1E7A4F7556}") = "Day8_Wiring", "Day8_Wiring\Day8_Wiring.csproj", "{9773D346-8472-41B0-831E-0915288D553C}"
EndProject
Project("{9A19103F-16F7-4668-BE54-9A1E7A4F7556}") = "Day9_BasinMapping", "Day9_BasinMapping\Day9_BasinMapping.csproj", "{4C232872-C452-4BFA-AC54-623F83307264}"
EndProject
Project("{9A19103F-16F7-4668-BE54-9A1E7A4F7556}") = "Day10_Parenthesis", "Day10_Parenthesis\Day10_Parenthesis.csproj", "{0A7B6796-0918-49C2-AC1C-68E61E4EA9C7}"
EndProject
Project("{9A19103F-16F7-4668-BE54-9A1E7A4F7556}") = "Day11_FlashingOctopi", "Day11_FlashingOctopi\Day11_FlashingOctopi.csproj", "{A9E65F73-B6AE-41D8-8555-9504659F24D3}"
EndProject
Project("{9A19103F-16F7-4668-BE54-9A1E7A4F7556}") = "Day12_Caves", "Day12_Caves\Day12_Caves.csproj", "{C47004A1-9AD4-4D13-8FA5-C1F116C577E2}"
EndProject
Project("{9A19103F-16F7-4668-BE54-9A1E7A4F7556}") = "Day13_FoldingWorld", "Day13_FoldingWorld\Day13_FoldingWorld.csproj", "{734379F0-AE28-486B-9D96-0FAF9098B322}"
EndProject
Project("{9A19103F-16F7-4668-BE54-9A1E7A4F7556}") = "Day14_Polymers", "Day14_Polymers\Day14_Polymers.csproj", "{3C8DE7A7-2DED-424F-8482-8AC2751A8AF7}"
EndProject
Project("{9A19103F-16F7-4668-BE54-9A1E7A4F7556}") = "Day15_CavePathfinding", "Day15_CavePathfinding\Day15_CavePathfinding.csproj", "{F9A201C4-67A8-4278-B3DC-790E7EB09BAB}"
EndProject
Project("{9A19103F-16F7-4668-BE54-9A1E7A4F7556}") = "Day16_HexParsing", "Day16_HexParsing\Day16_HexParsing.csproj", "{896352D4-2134-471F-B6A5-24FC842292C9}"
EndProject
Project("{9A19103F-16F7-4668-BE54-9A1E7A4F7556}") = "Day17_ProbeBallistics", "Day17_ProbeBallistics\Day17_ProbeBallistics.csproj", "{C38AA6C6-C8C6-4C9C-964E-2EA69DF3E044}"
EndProject
Project("{9A19103F-16F7-4668-BE54-9A1E7A4F7556}") = "Day18_PairNumbers", "Day18_PairNumbers\Day18_PairNumbers.csproj", "{CAC78C15-DA28-4194-9A62-05140E917395}"
EndProject
Global
	GlobalSection(SolutionConfigurationPlatforms) = preSolution
		Debug|Any CPU = Debug|Any CPU
		Release|Any CPU = Release|Any CPU
	EndGlobalSection
	GlobalSection(ProjectConfigurationPlatforms) = postSolution
		{DE17AE22-0023-41FB-8D61-BCC3197F484D}.Debug|Any CPU.ActiveCfg = Debug|Any CPU
		{DE17AE22-0023-41FB-8D61-BCC3197F484D}.Debug|Any CPU.Build.0 = Debug|Any CPU
		{DE17AE22-0023-41FB-8D61-BCC3197F484D}.Release|Any CPU.ActiveCfg = Release|Any CPU
		{DE17AE22-0023-41FB-8D61-BCC3197F484D}.Release|Any CPU.Build.0 = Release|Any CPU
		{460D6357-486B-48A0-A952-A7015BFCB906}.Debug|Any CPU.ActiveCfg = Debug|Any CPU
		{460D6357-486B-48A0-A952-A7015BFCB906}.Debug|Any CPU.Build.0 = Debug|Any CPU
		{460D6357-486B-48A0-A952-A7015BFCB906}.Release|Any CPU.ActiveCfg = Release|Any CPU
		{460D6357-486B-48A0-A952-A7015BFCB906}.Release|Any CPU.Build.0 = Release|Any CPU
		{29B87691-90DB-41C8-9D19-4B8EE5D9741C}.Debug|Any CPU.ActiveCfg = Debug|Any CPU
		{29B87691-90DB-41C8-9D19-4B8EE5D9741C}.Debug|Any CPU.Build.0 = Debug|Any CPU
		{29B87691-90DB-41C8-9D19-4B8EE5D9741C}.Release|Any CPU.ActiveCfg = Release|Any CPU
		{29B87691-90DB-41C8-9D19-4B8EE5D9741C}.Release|Any CPU.Build.0 = Release|Any CPU
		{EC84A2FB-F31E-4855-BDBD-8A11D52E0B64}.Debug|Any CPU.ActiveCfg = Debug|Any CPU
		{EC84A2FB-F31E-4855-BDBD-8A11D52E0B64}.Debug|Any CPU.Build.0 = Debug|Any CPU
		{EC84A2FB-F31E-4855-BDBD-8A11D52E0B64}.Release|Any CPU.ActiveCfg = Release|Any CPU
		{EC84A2FB-F31E-4855-BDBD-8A11D52E0B64}.Release|Any CPU.Build.0 = Release|Any CPU
		{8A294F81-0A99-47A9-8184-1F18E366BAE1}.Debug|Any CPU.ActiveCfg = Debug|Any CPU
		{8A294F81-0A99-47A9-8184-1F18E366BAE1}.Debug|Any CPU.Build.0 = Debug|Any CPU
		{8A294F81-0A99-47A9-8184-1F18E366BAE1}.Release|Any CPU.ActiveCfg = Release|Any CPU
		{8A294F81-0A99-47A9-8184-1F18E366BAE1}.Release|Any CPU.Build.0 = Release|Any CPU
		{F24C7626-A848-4C3B-BF2A-32180DC876C0}.Debug|Any CPU.ActiveCfg = Debug|Any CPU
		{F24C7626-A848-4C3B-BF2A-32180DC876C0}.Debug|Any CPU.Build.0 = Debug|Any CPU
		{F24C7626-A848-4C3B-BF2A-32180DC876C0}.Release|Any CPU.ActiveCfg = Release|Any CPU
		{F24C7626-A848-4C3B-BF2A-32180DC876C0}.Release|Any CPU.Build.0 = Release|Any CPU
		{4C06024C-ADEA-46F1-B9B2-181BDDEAA46A}.Debug|Any CPU.ActiveCfg = Debug|Any CPU
		{4C06024C-ADEA-46F1-B9B2-181BDDEAA46A}.Debug|Any CPU.Build.0 = Debug|Any CPU
		{4C06024C-ADEA-46F1-B9B2-181BDDEAA46A}.Release|Any CPU.ActiveCfg = Release|Any CPU
		{4C06024C-ADEA-46F1-B9B2-181BDDEAA46A}.Release|Any CPU.Build.0 = Release|Any CPU
		{2D987A6F-E39E-437C-8A4C-3763072B3495}.Debug|Any CPU.ActiveCfg = Debug|Any CPU
		{2D987A6F-E39E-437C-8A4C-3763072B3495}.Debug|Any CPU.Build.0 = Debug|Any CPU
		{2D987A6F-E39E-437C-8A4C-3763072B3495}.Release|Any CPU.ActiveCfg = Release|Any CPU
		{2D987A6F-E39E-437C-8A4C-3763072B3495}.Release|Any CPU.Build.0 = Release|Any CPU
		{72632C82-FEFC-49E4-8950-8950B84CEEB7}.Debug|Any CPU.ActiveCfg = Debug|Any CPU
		{72632C82-FEFC-49E4-8950-8950B84CEEB7}.Debug|Any CPU.Build.0 = Debug|Any CPU
		{72632C82-FEFC-49E4-8950-8950B84CEEB7}.Release|Any CPU.ActiveCfg = Release|Any CPU
		{72632C82-FEFC-49E4-8950-8950B84CEEB7}.Release|Any CPU.Build.0 = Release|Any CPU
		{70505B8F-B089-4423-9E60-3D5B45E9EA88}.Debug|Any CPU.ActiveCfg = Debug|Any CPU
		{70505B8F-B089-4423-9E60-3D5B45E9EA88}.Debug|Any CPU.Build.0 = Debug|Any CPU
		{70505B8F-B089-4423-9E60-3D5B45E9EA88}.Release|Any CPU.ActiveCfg = Release|Any CPU
		{70505B8F-B089-4423-9E60-3D5B45E9EA88}.Release|Any CPU.Build.0 = Release|Any CPU
		{A3B2516B-8ADC-4434-9A3D-FDB388C09839}.Debug|Any CPU.ActiveCfg = Debug|Any CPU
		{A3B2516B-8ADC-4434-9A3D-FDB388C09839}.Debug|Any CPU.Build.0 = Debug|Any CPU
		{A3B2516B-8ADC-4434-9A3D-FDB388C09839}.Release|Any CPU.ActiveCfg = Release|Any CPU
		{A3B2516B-8ADC-4434-9A3D-FDB388C09839}.Release|Any CPU.Build.0 = Release|Any CPU
		{9773D346-8472-41B0-831E-0915288D553C}.Debug|Any CPU.ActiveCfg = Debug|Any CPU
		{9773D346-8472-41B0-831E-0915288D553C}.Debug|Any CPU.Build.0 = Debug|Any CPU
		{9773D346-8472-41B0-831E-0915288D553C}.Release|Any CPU.ActiveCfg = Release|Any CPU
		{9773D346-8472-41B0-831E-0915288D553C}.Release|Any CPU.Build.0 = Release|Any CPU
		{4C232872-C452-4BFA-AC54-623F83307264}.Debug|Any CPU.ActiveCfg = Debug|Any CPU
		{4C232872-C452-4BFA-AC54-623F83307264}.Debug|Any CPU.Build.0 = Debug|Any CPU
		{4C232872-C452-4BFA-AC54-623F83307264}.Release|Any CPU.ActiveCfg = Release|Any CPU
		{4C232872-C452-4BFA-AC54-623F83307264}.Release|Any CPU.Build.0 = Release|Any CPU
		{0A7B6796-0918-49C2-AC1C-68E61E4EA9C7}.Debug|Any CPU.ActiveCfg = Debug|Any CPU
		{0A7B6796-0918-49C2-AC1C-68E61E4EA9C7}.Debug|Any CPU.Build.0 = Debug|Any CPU
		{0A7B6796-0918-49C2-AC1C-68E61E4EA9C7}.Release|Any CPU.ActiveCfg = Release|Any CPU
		{0A7B6796-0918-49C2-AC1C-68E61E4EA9C7}.Release|Any CPU.Build.0 = Release|Any CPU
		{A9E65F73-B6AE-41D8-8555-9504659F24D3}.Debug|Any CPU.ActiveCfg = Debug|Any CPU
		{A9E65F73-B6AE-41D8-8555-9504659F24D3}.Debug|Any CPU.Build.0 = Debug|Any CPU
		{A9E65F73-B6AE-41D8-8555-9504659F24D3}.Release|Any CPU.ActiveCfg = Release|Any CPU
		{A9E65F73-B6AE-41D8-8555-9504659F24D3}.Release|Any CPU.Build.0 = Release|Any CPU
		{C47004A1-9AD4-4D13-8FA5-C1F116C577E2}.Debug|Any CPU.ActiveCfg = Debug|Any CPU
		{C47004A1-9AD4-4D13-8FA5-C1F116C577E2}.Debug|Any CPU.Build.0 = Debug|Any CPU
		{C47004A1-9AD4-4D13-8FA5-C1F116C577E2}.Release|Any CPU.ActiveCfg = Release|Any CPU
		{C47004A1-9AD4-4D13-8FA5-C1F116C577E2}.Release|Any CPU.Build.0 = Release|Any CPU
		{734379F0-AE28-486B-9D96-0FAF9098B322}.Debug|Any CPU.ActiveCfg = Debug|Any CPU
		{734379F0-AE28-486B-9D96-0FAF9098B322}.Debug|Any CPU.Build.0 = Debug|Any CPU
		{734379F0-AE28-486B-9D96-0FAF9098B322}.Release|Any CPU.ActiveCfg = Release|Any CPU
		{734379F0-AE28-486B-9D96-0FAF9098B322}.Release|Any CPU.Build.0 = Release|Any CPU
		{3C8DE7A7-2DED-424F-8482-8AC2751A8AF7}.Debug|Any CPU.ActiveCfg = Debug|Any CPU
		{3C8DE7A7-2DED-424F-8482-8AC2751A8AF7}.Debug|Any CPU.Build.0 = Debug|Any CPU
		{3C8DE7A7-2DED-424F-8482-8AC2751A8AF7}.Release|Any CPU.ActiveCfg = Release|Any CPU
		{3C8DE7A7-2DED-424F-8482-8AC2751A8AF7}.Release|Any CPU.Build.0 = Release|Any CPU
		{F9A201C4-67A8-4278-B3DC-790E7EB09BAB}.Debug|Any CPU.ActiveCfg = Debug|Any CPU
		{F9A201C4-67A8-4278-B3DC-790E7EB09BAB}.Debug|Any CPU.Build.0 = Debug|Any CPU
		{F9A201C4-67A8-4278-B3DC-790E7EB09BAB}.Release|Any CPU.ActiveCfg = Release|Any CPU
		{F9A201C4-67A8-4278-B3DC-790E7EB09BAB}.Release|Any CPU.Build.0 = Release|Any CPU
		{896352D4-2134-471F-B6A5-24FC842292C9}.Debug|Any CPU.ActiveCfg = Debug|Any CPU
		{896352D4-2134-471F-B6A5-24FC842292C9}.Debug|Any CPU.Build.0 = Debug|Any CPU
		{896352D4-2134-471F-B6A5-24FC842292C9}.Release|Any CPU.ActiveCfg = Release|Any CPU
		{896352D4-2134-471F-B6A5-24FC842292C9}.Release|Any CPU.Build.0 = Release|Any CPU
		{C38AA6C6-C8C6-4C9C-964E-2EA69DF3E044}.Debug|Any CPU.ActiveCfg = Debug|Any CPU
		{C38AA6C6-C8C6-4C9C-964E-2EA69DF3E044}.Debug|Any CPU.Build.0 = Debug|Any CPU
		{C38AA6C6-C8C6-4C9C-964E-2EA69DF3E044}.Release|Any CPU.ActiveCfg = Release|Any CPU
		{C38AA6C6-C8C6-4C9C-964E-2EA69DF3E044}.Release|Any CPU.Build.0 = Release|Any CPU
		{CAC78C15-DA28-4194-9A62-05140E917395}.Debug|Any CPU.ActiveCfg = Debug|Any CPU
		{CAC78C15-DA28-4194-9A62-05140E917395}.Debug|Any CPU.Build.0 = Debug|Any CPU
		{CAC78C15-DA28-4194-9A62-05140E917395}.Release|Any CPU.ActiveCfg = Release|Any CPU
		{CAC78C15-DA28-4194-9A62-05140E917395}.Release|Any CPU.Build.0 = Release|Any CPU
	EndGlobalSection
	GlobalSection(SolutionProperties) = preSolution
		HideSolutionNode = FALSE
	EndGlobalSection
	GlobalSection(ExtensibilityGlobals) = postSolution
		SolutionGuid = {35EB43F3-B1F9-4A6B-B82C-3D9C5C45678E}
	EndGlobalSection
EndGlobal
